
Microsoft Visual Studio Solution File, Format Version 12.00
# Visual Studio Version 16
VisualStudioVersion = 16.0.31911.196
MinimumVisualStudioVersion = 10.0.40219.1
Project("{FAE04EC0-301F-11D3-BF4B-00C04F79EFBC}") = "Annotation", "Annotation\Annotation.csproj", "{086DE0A1-3A9F-49F3-87A3-6F475BDFE8C2}"
EndProject
Global
	GlobalSection(SolutionConfigurationPlatforms) = preSolution
		Debug|Any CPU = Debug|Any CPU
		Release|Any CPU = Release|Any CPU
	EndGlobalSection
	GlobalSection(ProjectConfigurationPlatforms) = postSolution
		{086DE0A1-3A9F-49F3-87A3-6F475BDFE8C2}.Debug|Any CPU.ActiveCfg = Debug|Any CPU
		{086DE0A1-3A9F-49F3-87A3-6F475BDFE8C2}.Debug|Any CPU.Build.0 = Debug|Any CPU
		{086DE0A1-3A9F-49F3-87A3-6F475BDFE8C2}.Release|Any CPU.ActiveCfg = Release|Any CPU
		{086DE0A1-3A9F-49F3-87A3-6F475BDFE8C2}.Release|Any CPU.Build.0 = Release|Any CPU
	EndGlobalSection
	GlobalSection(SolutionProperties) = preSolution
		HideSolutionNode = FALSE
	EndGlobalSection
	GlobalSection(ExtensibilityGlobals) = postSolution
		SolutionGuid = {9F3705B1-9006-477C-B004-35A093D1CBD8}
	EndGlobalSection
EndGlobal
